
Microsoft Visual Studio Solution File, Format Version 12.00
# Visual Studio Version 17
VisualStudioVersion = 17.5.002.0
MinimumVisualStudioVersion = 10.0.40219.1
Project("{9A19103F-16F7-4668-BE54-9A1E7A4F7556}") = "Rovarspraket", "Rovarspraket.csproj", "{CCC8CF8A-575F-415D-A0E6-4EBDE0E7F984}"
EndProject
Global
	GlobalSection(SolutionConfigurationPlatforms) = preSolution
		Debug|Any CPU = Debug|Any CPU
		Release|Any CPU = Release|Any CPU
	EndGlobalSection
	GlobalSection(ProjectConfigurationPlatforms) = postSolution
		{CCC8CF8A-575F-415D-A0E6-4EBDE0E7F984}.Debug|Any CPU.ActiveCfg = Debug|Any CPU
		{CCC8CF8A-575F-415D-A0E6-4EBDE0E7F984}.Debug|Any CPU.Build.0 = Debug|Any CPU
		{CCC8CF8A-575F-415D-A0E6-4EBDE0E7F984}.Release|Any CPU.ActiveCfg = Release|Any CPU
		{CCC8CF8A-575F-415D-A0E6-4EBDE0E7F984}.Release|Any CPU.Build.0 = Release|Any CPU
	EndGlobalSection
	GlobalSection(SolutionProperties) = preSolution
		HideSolutionNode = FALSE
	EndGlobalSection
	GlobalSection(ExtensibilityGlobals) = postSolution
		SolutionGuid = {BA54AD2D-0EFB-4DC9-A8E8-AF5255B7BC0E}
	EndGlobalSection
EndGlobal
